{
  "name": "raphaelzhou1-ds-thing",
  "version": "2.0.0",
  "lockfileVersion": 3,
  "requires": true,
  "packages": {
    "": {
      "name": "raphaelzhou1-ds-thing",
      "version": "2.0.0",
      "license": "ISC",
      "devDependencies": {
        "raphaelzhou1-ds-auth": "^2.0.0",
        "raphaelzhou1-ds-math": "^3.0.0",
        "raphaelzhou1-ds-note": "^2.0.0"
      }
    },
    "node_modules/raphaelzhou1-ds-auth": {
      "version": "2.0.0",
      "resolved": "https://registry.npmjs.org/raphaelzhou1-ds-auth/-/raphaelzhou1-ds-auth-2.0.0.tgz",
      "integrity": "sha512-ZpigPwmwDD+0T87hR98+ibsWWyeRWkDKd7m54qVRGWcYXhix8k6fFV1xFmDOeYKJkLvstx3CgppiPW3qujRF9w==",
      "dev": true
    },
    "node_modules/raphaelzhou1-ds-math": {
      "version": "3.0.0",
      "resolved": "https://registry.npmjs.org/raphaelzhou1-ds-math/-/raphaelzhou1-ds-math-3.0.0.tgz",
      "integrity": "sha512-Us8UpEbVJSquWJ2IDzMIwzI0mqrZEMunmO1bVAlYZyeMD5jfnHanrFs5YU9ZYQpd0ejLkvTqQ9Dqkd5lRe7BIA==",
      "dev": true
    },
    "node_modules/raphaelzhou1-ds-note": {
      "version": "2.0.0",
      "resolved": "https://registry.npmjs.org/raphaelzhou1-ds-note/-/raphaelzhou1-ds-note-2.0.0.tgz",
      "integrity": "sha512-83XxQBYsBJ7Suyl0m8HT5sgx2J6VU/Jyqwwi5ya/QfVh/lAwfT8vts1KIhr0EAEMHw2OX3Q+kJGZcxKjpi/zUQ==",
      "dev": true
    }
  }
}
